// !$*UTF8*$!
{
	archiveVersion = 1;
	classes = {
	};
	objectVersion = 56;
	objects = {

/* Begin PBXBuildFile section */
		002512F629DC0B6400C3E957 /* ListTableViewCell.swift in Sources */ = {isa = PBXBuildFile; fileRef = 002512F529DC0B6400C3E957 /* ListTableViewCell.swift */; };
		006B5E9529DA71400019F9B8 /* AppDelegate.swift in Sources */ = {isa = PBXBuildFile; fileRef = 006B5E9429DA71400019F9B8 /* AppDelegate.swift */; };
		006B5E9729DA71400019F9B8 /* SceneDelegate.swift in Sources */ = {isa = PBXBuildFile; fileRef = 006B5E9629DA71400019F9B8 /* SceneDelegate.swift */; };
		006B5E9E29DA71400019F9B8 /* Assets.xcassets in Resources */ = {isa = PBXBuildFile; fileRef = 006B5E9D29DA71400019F9B8 /* Assets.xcassets */; };
		006B5EA129DA71400019F9B8 /* LaunchScreen.storyboard in Resources */ = {isa = PBXBuildFile; fileRef = 006B5E9F29DA71400019F9B8 /* LaunchScreen.storyboard */; };
		006B5EAA29DA73330019F9B8 /* MainTabBarController.swift in Sources */ = {isa = PBXBuildFile; fileRef = 006B5EA929DA73330019F9B8 /* MainTabBarController.swift */; };
		006B5EBD29DA790E0019F9B8 /* MenuViewController.swift in Sources */ = {isa = PBXBuildFile; fileRef = 006B5EBC29DA790E0019F9B8 /* MenuViewController.swift */; };
		006B5EBF29DA79700019F9B8 /* ContactsViewController.swift in Sources */ = {isa = PBXBuildFile; fileRef = 006B5EBE29DA79700019F9B8 /* ContactsViewController.swift */; };
		006B5EC129DA79790019F9B8 /* ProfileViewController.swift in Sources */ = {isa = PBXBuildFile; fileRef = 006B5EC029DA79790019F9B8 /* ProfileViewController.swift */; };
		006B5EC329DA79810019F9B8 /* TrashViewController.swift in Sources */ = {isa = PBXBuildFile; fileRef = 006B5EC229DA79810019F9B8 /* TrashViewController.swift */; };
		006B5EC629DA7A9B0019F9B8 /* NetworkService.swift in Sources */ = {isa = PBXBuildFile; fileRef = 006B5EC529DA7A9B0019F9B8 /* NetworkService.swift */; };
		006B5EC829DA876F0019F9B8 /* CoctailModel.swift in Sources */ = {isa = PBXBuildFile; fileRef = 006B5EC729DA876F0019F9B8 /* CoctailModel.swift */; };
		006B5ECA29DA8B900019F9B8 /* MenuPresenter.swift in Sources */ = {isa = PBXBuildFile; fileRef = 006B5EC929DA8B900019F9B8 /* MenuPresenter.swift */; };
		006B5ECD29DA9D0E0019F9B8 /* BannerCell.swift in Sources */ = {isa = PBXBuildFile; fileRef = 006B5ECC29DA9D0E0019F9B8 /* BannerCell.swift */; };
		006B5ECF29DAD2240019F9B8 /* MenuVC+Extension.swift in Sources */ = {isa = PBXBuildFile; fileRef = 006B5ECE29DAD2240019F9B8 /* MenuVC+Extension.swift */; };
		006B5ED129DAD6F90019F9B8 /* CategoryCell.swift in Sources */ = {isa = PBXBuildFile; fileRef = 006B5ED029DAD6F90019F9B8 /* CategoryCell.swift */; };
/* End PBXBuildFile section */

/* Begin PBXFileReference section */
		002512F529DC0B6400C3E957 /* ListTableViewCell.swift */ = {isa = PBXFileReference; lastKnownFileType = sourcecode.swift; path = ListTableViewCell.swift; sourceTree = "<group>"; };
		006B5E9129DA71400019F9B8 /* CoctailApp.app */ = {isa = PBXFileReference; explicitFileType = wrapper.application; includeInIndex = 0; path = CoctailApp.app; sourceTree = BUILT_PRODUCTS_DIR; };
		006B5E9429DA71400019F9B8 /* AppDelegate.swift */ = {isa = PBXFileReference; lastKnownFileType = sourcecode.swift; path = AppDelegate.swift; sourceTree = "<group>"; };
		006B5E9629DA71400019F9B8 /* SceneDelegate.swift */ = {isa = PBXFileReference; lastKnownFileType = sourcecode.swift; path = SceneDelegate.swift; sourceTree = "<group>"; };
		006B5E9D29DA71400019F9B8 /* Assets.xcassets */ = {isa = PBXFileReference; lastKnownFileType = folder.assetcatalog; path = Assets.xcassets; sourceTree = "<group>"; };
		006B5EA029DA71400019F9B8 /* Base */ = {isa = PBXFileReference; lastKnownFileType = file.storyboard; name = Base; path = Base.lproj/LaunchScreen.storyboard; sourceTree = "<group>"; };
		006B5EA229DA71400019F9B8 /* Info.plist */ = {isa = PBXFileReference; lastKnownFileType = text.plist.xml; path = Info.plist; sourceTree = "<group>"; };
		006B5EA929DA73330019F9B8 /* MainTabBarController.swift */ = {isa = PBXFileReference; lastKnownFileType = sourcecode.swift; path = MainTabBarController.swift; sourceTree = "<group>"; };
		006B5EBC29DA790E0019F9B8 /* MenuViewController.swift */ = {isa = PBXFileReference; lastKnownFileType = sourcecode.swift; path = MenuViewController.swift; sourceTree = "<group>"; };
		006B5EBE29DA79700019F9B8 /* ContactsViewController.swift */ = {isa = PBXFileReference; lastKnownFileType = sourcecode.swift; path = ContactsViewController.swift; sourceTree = "<group>"; };
		006B5EC029DA79790019F9B8 /* ProfileViewController.swift */ = {isa = PBXFileReference; lastKnownFileType = sourcecode.swift; path = ProfileViewController.swift; sourceTree = "<group>"; };
		006B5EC229DA79810019F9B8 /* TrashViewController.swift */ = {isa = PBXFileReference; lastKnownFileType = sourcecode.swift; path = TrashViewController.swift; sourceTree = "<group>"; };
		006B5EC529DA7A9B0019F9B8 /* NetworkService.swift */ = {isa = PBXFileReference; lastKnownFileType = sourcecode.swift; path = NetworkService.swift; sourceTree = "<group>"; };
		006B5EC729DA876F0019F9B8 /* CoctailModel.swift */ = {isa = PBXFileReference; lastKnownFileType = sourcecode.swift; path = CoctailModel.swift; sourceTree = "<group>"; };
		006B5EC929DA8B900019F9B8 /* MenuPresenter.swift */ = {isa = PBXFileReference; lastKnownFileType = sourcecode.swift; path = MenuPresenter.swift; sourceTree = "<group>"; };
		006B5ECC29DA9D0E0019F9B8 /* BannerCell.swift */ = {isa = PBXFileReference; lastKnownFileType = sourcecode.swift; path = BannerCell.swift; sourceTree = "<group>"; };
		006B5ECE29DAD2240019F9B8 /* MenuVC+Extension.swift */ = {isa = PBXFileReference; lastKnownFileType = sourcecode.swift; path = "MenuVC+Extension.swift"; sourceTree = "<group>"; };
		006B5ED029DAD6F90019F9B8 /* CategoryCell.swift */ = {isa = PBXFileReference; lastKnownFileType = sourcecode.swift; path = CategoryCell.swift; sourceTree = "<group>"; };
/* End PBXFileReference section */

/* Begin PBXFrameworksBuildPhase section */
		006B5E8E29DA71400019F9B8 /* Frameworks */ = {
			isa = PBXFrameworksBuildPhase;
			buildActionMask = 2147483647;
			files = (
			);
			runOnlyForDeploymentPostprocessing = 0;
		};
/* End PBXFrameworksBuildPhase section */

/* Begin PBXGroup section */
		006B5E8829DA71400019F9B8 = {
			isa = PBXGroup;
			children = (
				006B5E9329DA71400019F9B8 /* CoctailApp */,
				006B5E9229DA71400019F9B8 /* Products */,
			);
			sourceTree = "<group>";
		};
		006B5E9229DA71400019F9B8 /* Products */ = {
			isa = PBXGroup;
			children = (
				006B5E9129DA71400019F9B8 /* CoctailApp.app */,
			);
			name = Products;
			sourceTree = "<group>";
		};
		006B5E9329DA71400019F9B8 /* CoctailApp */ = {
			isa = PBXGroup;
			children = (
				006B5EC429DA7A830019F9B8 /* Network */,
				006B5EA829DA72EE0019F9B8 /* Resources */,
				006B5EAC29DA77E30019F9B8 /* Menu */,
				006B5EAD29DA780D0019F9B8 /* Contacts */,
				006B5EAE29DA78170019F9B8 /* Profile */,
				006B5EAF29DA781D0019F9B8 /* Trash */,
				006B5EAB29DA77C00019F9B8 /* TabBarViewController */,
			);
			path = CoctailApp;
			sourceTree = "<group>";
		};
		006B5EA829DA72EE0019F9B8 /* Resources */ = {
			isa = PBXGroup;
			children = (
				006B5E9D29DA71400019F9B8 /* Assets.xcassets */,
				006B5E9F29DA71400019F9B8 /* LaunchScreen.storyboard */,
				006B5EA229DA71400019F9B8 /* Info.plist */,
				006B5E9429DA71400019F9B8 /* AppDelegate.swift */,
				006B5E9629DA71400019F9B8 /* SceneDelegate.swift */,
			);
			path = Resources;
			sourceTree = "<group>";
		};
		006B5EAB29DA77C00019F9B8 /* TabBarViewController */ = {
			isa = PBXGroup;
			children = (
				006B5EA929DA73330019F9B8 /* MainTabBarController.swift */,
			);
			path = TabBarViewController;
			sourceTree = "<group>";
		};
		006B5EAC29DA77E30019F9B8 /* Menu */ = {
			isa = PBXGroup;
			children = (
				006B5EB029DA78750019F9B8 /* Model */,
				006B5EB129DA787C0019F9B8 /* View */,
				006B5EB229DA78820019F9B8 /* Presenter */,
			);
			path = Menu;
			sourceTree = "<group>";
		};
		006B5EAD29DA780D0019F9B8 /* Contacts */ = {
			isa = PBXGroup;
			children = (
				006B5EB529DA78940019F9B8 /* Presenter */,
				006B5EB429DA78900019F9B8 /* View */,
				006B5EB329DA788B0019F9B8 /* Model */,
			);
			path = Contacts;
			sourceTree = "<group>";
		};
		006B5EAE29DA78170019F9B8 /* Profile */ = {
			isa = PBXGroup;
			children = (
				006B5EB829DA78A30019F9B8 /* Presenter */,
				006B5EB729DA789F0019F9B8 /* View */,
				006B5EB629DA789B0019F9B8 /* Model */,
			);
			path = Profile;
			sourceTree = "<group>";
		};
		006B5EAF29DA781D0019F9B8 /* Trash */ = {
			isa = PBXGroup;
			children = (
				006B5EBB29DA78B20019F9B8 /* Presenter */,
				006B5EBA29DA78AF0019F9B8 /* View */,
				006B5EB929DA78AA0019F9B8 /* Model */,
			);
			path = Trash;
			sourceTree = "<group>";
		};
		006B5EB029DA78750019F9B8 /* Model */ = {
			isa = PBXGroup;
			children = (
				006B5EC729DA876F0019F9B8 /* CoctailModel.swift */,
			);
			path = Model;
			sourceTree = "<group>";
		};
		006B5EB129DA787C0019F9B8 /* View */ = {
			isa = PBXGroup;
			children = (
				006B5ECB29DA9CFF0019F9B8 /* Cells */,
				006B5EBC29DA790E0019F9B8 /* MenuViewController.swift */,
				006B5ECE29DAD2240019F9B8 /* MenuVC+Extension.swift */,
			);
			path = View;
			sourceTree = "<group>";
		};
		006B5EB229DA78820019F9B8 /* Presenter */ = {
			isa = PBXGroup;
			children = (
				006B5EC929DA8B900019F9B8 /* MenuPresenter.swift */,
			);
			path = Presenter;
			sourceTree = "<group>";
		};
		006B5EB329DA788B0019F9B8 /* Model */ = {
			isa = PBXGroup;
			children = (
			);
			path = Model;
			sourceTree = "<group>";
		};
		006B5EB429DA78900019F9B8 /* View */ = {
			isa = PBXGroup;
			children = (
				006B5EBE29DA79700019F9B8 /* ContactsViewController.swift */,
			);
			path = View;
			sourceTree = "<group>";
		};
		006B5EB529DA78940019F9B8 /* Presenter */ = {
			isa = PBXGroup;
			children = (
			);
			path = Presenter;
			sourceTree = "<group>";
		};
		006B5EB629DA789B0019F9B8 /* Model */ = {
			isa = PBXGroup;
			children = (
			);
			path = Model;
			sourceTree = "<group>";
		};
		006B5EB729DA789F0019F9B8 /* View */ = {
			isa = PBXGroup;
			children = (
				006B5EC029DA79790019F9B8 /* ProfileViewController.swift */,
			);
			path = View;
			sourceTree = "<group>";
		};
		006B5EB829DA78A30019F9B8 /* Presenter */ = {
			isa = PBXGroup;
			children = (
			);
			path = Presenter;
			sourceTree = "<group>";
		};
		006B5EB929DA78AA0019F9B8 /* Model */ = {
			isa = PBXGroup;
			children = (
			);
			path = Model;
			sourceTree = "<group>";
		};
		006B5EBA29DA78AF0019F9B8 /* View */ = {
			isa = PBXGroup;
			children = (
				006B5EC229DA79810019F9B8 /* TrashViewController.swift */,
			);
			path = View;
			sourceTree = "<group>";
		};
		006B5EBB29DA78B20019F9B8 /* Presenter */ = {
			isa = PBXGroup;
			children = (
			);
			path = Presenter;
			sourceTree = "<group>";
		};
		006B5EC429DA7A830019F9B8 /* Network */ = {
			isa = PBXGroup;
			children = (
				006B5EC529DA7A9B0019F9B8 /* NetworkService.swift */,
			);
			path = Network;
			sourceTree = "<group>";
		};
		006B5ECB29DA9CFF0019F9B8 /* Cells */ = {
			isa = PBXGroup;
			children = (
				006B5ECC29DA9D0E0019F9B8 /* BannerCell.swift */,
				006B5ED029DAD6F90019F9B8 /* CategoryCell.swift */,
				002512F529DC0B6400C3E957 /* ListTableViewCell.swift */,
			);
			path = Cells;
			sourceTree = "<group>";
		};
/* End PBXGroup section */

/* Begin PBXNativeTarget section */
		006B5E9029DA71400019F9B8 /* CoctailApp */ = {
			isa = PBXNativeTarget;
			buildConfigurationList = 006B5EA529DA71400019F9B8 /* Build configuration list for PBXNativeTarget "CoctailApp" */;
			buildPhases = (
				006B5E8D29DA71400019F9B8 /* Sources */,
				006B5E8E29DA71400019F9B8 /* Frameworks */,
				006B5E8F29DA71400019F9B8 /* Resources */,
			);
			buildRules = (
			);
			dependencies = (
			);
			name = CoctailApp;
			productName = CoctailApp;
			productReference = 006B5E9129DA71400019F9B8 /* CoctailApp.app */;
			productType = "com.apple.product-type.application";
		};
/* End PBXNativeTarget section */

/* Begin PBXProject section */
		006B5E8929DA71400019F9B8 /* Project object */ = {
			isa = PBXProject;
			attributes = {
				BuildIndependentTargetsInParallel = 1;
				LastSwiftUpdateCheck = 1430;
				LastUpgradeCheck = 1430;
				TargetAttributes = {
					006B5E9029DA71400019F9B8 = {
						CreatedOnToolsVersion = 14.3;
					};
				};
			};
			buildConfigurationList = 006B5E8C29DA71400019F9B8 /* Build configuration list for PBXProject "CoctailApp" */;
			compatibilityVersion = "Xcode 14.0";
			developmentRegion = en;
			hasScannedForEncodings = 0;
			knownRegions = (
				en,
				Base,
			);
			mainGroup = 006B5E8829DA71400019F9B8;
			productRefGroup = 006B5E9229DA71400019F9B8 /* Products */;
			projectDirPath = "";
			projectRoot = "";
			targets = (
				006B5E9029DA71400019F9B8 /* CoctailApp */,
			);
		};
/* End PBXProject section */

/* Begin PBXResourcesBuildPhase section */
		006B5E8F29DA71400019F9B8 /* Resources */ = {
			isa = PBXResourcesBuildPhase;
			buildActionMask = 2147483647;
			files = (
				006B5EA129DA71400019F9B8 /* LaunchScreen.storyboard in Resources */,
				006B5E9E29DA71400019F9B8 /* Assets.xcassets in Resources */,
			);
			runOnlyForDeploymentPostprocessing = 0;
		};
/* End PBXResourcesBuildPhase section */

/* Begin PBXSourcesBuildPhase section */
		006B5E8D29DA71400019F9B8 /* Sources */ = {
			isa = PBXSourcesBuildPhase;
			buildActionMask = 2147483647;
			files = (
				006B5ED129DAD6F90019F9B8 /* CategoryCell.swift in Sources */,
				006B5EC129DA79790019F9B8 /* ProfileViewController.swift in Sources */,
				006B5EC329DA79810019F9B8 /* TrashViewController.swift in Sources */,
				006B5EC629DA7A9B0019F9B8 /* NetworkService.swift in Sources */,
				006B5ECA29DA8B900019F9B8 /* MenuPresenter.swift in Sources */,
				006B5E9529DA71400019F9B8 /* AppDelegate.swift in Sources */,
				006B5E9729DA71400019F9B8 /* SceneDelegate.swift in Sources */,
				002512F629DC0B6400C3E957 /* ListTableViewCell.swift in Sources */,
				006B5EAA29DA73330019F9B8 /* MainTabBarController.swift in Sources */,
				006B5ECF29DAD2240019F9B8 /* MenuVC+Extension.swift in Sources */,
				006B5EBD29DA790E0019F9B8 /* MenuViewController.swift in Sources */,
				006B5EC829DA876F0019F9B8 /* CoctailModel.swift in Sources */,
				006B5EBF29DA79700019F9B8 /* ContactsViewController.swift in Sources */,
				006B5ECD29DA9D0E0019F9B8 /* BannerCell.swift in Sources */,
			);
			runOnlyForDeploymentPostprocessing = 0;
		};
/* End PBXSourcesBuildPhase section */

/* Begin PBXVariantGroup section */
		006B5E9F29DA71400019F9B8 /* LaunchScreen.storyboard */ = {
			isa = PBXVariantGroup;
			children = (
				006B5EA029DA71400019F9B8 /* Base */,
			);
			name = LaunchScreen.storyboard;
			sourceTree = "<group>";
		};
/* End PBXVariantGroup section */

/* Begin XCBuildConfiguration section */
		006B5EA329DA71400019F9B8 /* Debug */ = {
			isa = XCBuildConfiguration;
			buildSettings = {
				ALWAYS_SEARCH_USER_PATHS = NO;
				CLANG_ANALYZER_NONNULL = YES;
				CLANG_ANALYZER_NUMBER_OBJECT_CONVERSION = YES_AGGRESSIVE;
				CLANG_CXX_LANGUAGE_STANDARD = "gnu++20";
				CLANG_ENABLE_MODULES = YES;
				CLANG_ENABLE_OBJC_ARC = YES;
				CLANG_ENABLE_OBJC_WEAK = YES;
				CLANG_WARN_BLOCK_CAPTURE_AUTORELEASING = YES;
				CLANG_WARN_BOOL_CONVERSION = YES;
				CLANG_WARN_COMMA = YES;
				CLANG_WARN_CONSTANT_CONVERSION = YES;
				CLANG_WARN_DEPRECATED_OBJC_IMPLEMENTATIONS = YES;
				CLANG_WARN_DIRECT_OBJC_ISA_USAGE = YES_ERROR;
				CLANG_WARN_DOCUMENTATION_COMMENTS = YES;
				CLANG_WARN_EMPTY_BODY = YES;
				CLANG_WARN_ENUM_CONVERSION = YES;
				CLANG_WARN_INFINITE_RECURSION = YES;
				CLANG_WARN_INT_CONVERSION = YES;
				CLANG_WARN_NON_LITERAL_NULL_CONVERSION = YES;
				CLANG_WARN_OBJC_IMPLICIT_RETAIN_SELF = YES;
				CLANG_WARN_OBJC_LITERAL_CONVERSION = YES;
				CLANG_WARN_OBJC_ROOT_CLASS = YES_ERROR;
				CLANG_WARN_QUOTED_INCLUDE_IN_FRAMEWORK_HEADER = YES;
				CLANG_WARN_RANGE_LOOP_ANALYSIS = YES;
				CLANG_WARN_STRICT_PROTOTYPES = YES;
				CLANG_WARN_SUSPICIOUS_MOVE = YES;
				CLANG_WARN_UNGUARDED_AVAILABILITY = YES_AGGRESSIVE;
				CLANG_WARN_UNREACHABLE_CODE = YES;
				CLANG_WARN__DUPLICATE_METHOD_MATCH = YES;
				COPY_PHASE_STRIP = NO;
				DEBUG_INFORMATION_FORMAT = dwarf;
				ENABLE_STRICT_OBJC_MSGSEND = YES;
				ENABLE_TESTABILITY = YES;
				GCC_C_LANGUAGE_STANDARD = gnu11;
				GCC_DYNAMIC_NO_PIC = NO;
				GCC_NO_COMMON_BLOCKS = YES;
				GCC_OPTIMIZATION_LEVEL = 0;
				GCC_PREPROCESSOR_DEFINITIONS = (
					"DEBUG=1",
					"$(inherited)",
				);
				GCC_WARN_64_TO_32_BIT_CONVERSION = YES;
				GCC_WARN_ABOUT_RETURN_TYPE = YES_ERROR;
				GCC_WARN_UNDECLARED_SELECTOR = YES;
				GCC_WARN_UNINITIALIZED_AUTOS = YES_AGGRESSIVE;
				GCC_WARN_UNUSED_FUNCTION = YES;
				GCC_WARN_UNUSED_VARIABLE = YES;
				IPHONEOS_DEPLOYMENT_TARGET = 16.4;
				MTL_ENABLE_DEBUG_INFO = INCLUDE_SOURCE;
				MTL_FAST_MATH = YES;
				ONLY_ACTIVE_ARCH = YES;
				SDKROOT = iphoneos;
				SWIFT_ACTIVE_COMPILATION_CONDITIONS = DEBUG;
				SWIFT_OPTIMIZATION_LEVEL = "-Onone";
			};
			name = Debug;
		};
		006B5EA429DA71400019F9B8 /* Release */ = {
			isa = XCBuildConfiguration;
			buildSettings = {
				ALWAYS_SEARCH_USER_PATHS = NO;
				CLANG_ANALYZER_NONNULL = YES;
				CLANG_ANALYZER_NUMBER_OBJECT_CONVERSION = YES_AGGRESSIVE;
				CLANG_CXX_LANGUAGE_STANDARD = "gnu++20";
				CLANG_ENABLE_MODULES = YES;
				CLANG_ENABLE_OBJC_ARC = YES;
				CLANG_ENABLE_OBJC_WEAK = YES;
				CLANG_WARN_BLOCK_CAPTURE_AUTORELEASING = YES;
				CLANG_WARN_BOOL_CONVERSION = YES;
				CLANG_WARN_COMMA = YES;
				CLANG_WARN_CONSTANT_CONVERSION = YES;
				CLANG_WARN_DEPRECATED_OBJC_IMPLEMENTATIONS = YES;
				CLANG_WARN_DIRECT_OBJC_ISA_USAGE = YES_ERROR;
				CLANG_WARN_DOCUMENTATION_COMMENTS = YES;
				CLANG_WARN_EMPTY_BODY = YES;
				CLANG_WARN_ENUM_CONVERSION = YES;
				CLANG_WARN_INFINITE_RECURSION = YES;
				CLANG_WARN_INT_CONVERSION = YES;
				CLANG_WARN_NON_LITERAL_NULL_CONVERSION = YES;
				CLANG_WARN_OBJC_IMPLICIT_RETAIN_SELF = YES;
				CLANG_WARN_OBJC_LITERAL_CONVERSION = YES;
				CLANG_WARN_OBJC_ROOT_CLASS = YES_ERROR;
				CLANG_WARN_QUOTED_INCLUDE_IN_FRAMEWORK_HEADER = YES;
				CLANG_WARN_RANGE_LOOP_ANALYSIS = YES;
				CLANG_WARN_STRICT_PROTOTYPES = YES;
				CLANG_WARN_SUSPICIOUS_MOVE = YES;
				CLANG_WARN_UNGUARDED_AVAILABILITY = YES_AGGRESSIVE;
				CLANG_WARN_UNREACHABLE_CODE = YES;
				CLANG_WARN__DUPLICATE_METHOD_MATCH = YES;
				COPY_PHASE_STRIP = NO;
				DEBUG_INFORMATION_FORMAT = "dwarf-with-dsym";
				ENABLE_NS_ASSERTIONS = NO;
				ENABLE_STRICT_OBJC_MSGSEND = YES;
				GCC_C_LANGUAGE_STANDARD = gnu11;
				GCC_NO_COMMON_BLOCKS = YES;
				GCC_WARN_64_TO_32_BIT_CONVERSION = YES;
				GCC_WARN_ABOUT_RETURN_TYPE = YES_ERROR;
				GCC_WARN_UNDECLARED_SELECTOR = YES;
				GCC_WARN_UNINITIALIZED_AUTOS = YES_AGGRESSIVE;
				GCC_WARN_UNUSED_FUNCTION = YES;
				GCC_WARN_UNUSED_VARIABLE = YES;
				IPHONEOS_DEPLOYMENT_TARGET = 16.4;
				MTL_ENABLE_DEBUG_INFO = NO;
				MTL_FAST_MATH = YES;
				SDKROOT = iphoneos;
				SWIFT_COMPILATION_MODE = wholemodule;
				SWIFT_OPTIMIZATION_LEVEL = "-O";
				VALIDATE_PRODUCT = YES;
			};
			name = Release;
		};
		006B5EA629DA71400019F9B8 /* Debug */ = {
			isa = XCBuildConfiguration;
			buildSettings = {
				ASSETCATALOG_COMPILER_APPICON_NAME = AppIcon;
				ASSETCATALOG_COMPILER_GLOBAL_ACCENT_COLOR_NAME = AccentColor;
				CODE_SIGN_STYLE = Automatic;
				CURRENT_PROJECT_VERSION = 1;
				DEVELOPMENT_TEAM = N66WY3RBB9;
				GENERATE_INFOPLIST_FILE = YES;
				INFOPLIST_FILE = CoctailApp/Resources/Info.plist;
				INFOPLIST_KEY_UIApplicationSupportsIndirectInputEvents = YES;
				INFOPLIST_KEY_UILaunchStoryboardName = LaunchScreen;
				INFOPLIST_KEY_UIMainStoryboardFile = "";
				INFOPLIST_KEY_UISupportedInterfaceOrientations_iPad = "UIInterfaceOrientationPortrait UIInterfaceOrientationPortraitUpsideDown UIInterfaceOrientationLandscapeLeft UIInterfaceOrientationLandscapeRight";
				INFOPLIST_KEY_UISupportedInterfaceOrientations_iPhone = "UIInterfaceOrientationPortrait UIInterfaceOrientationLandscapeLeft UIInterfaceOrientationLandscapeRight";
				LD_RUNPATH_SEARCH_PATHS = (
					"$(inherited)",
					"@executable_path/Frameworks",
				);
				MARKETING_VERSION = 1.0;
				PRODUCT_BUNDLE_IDENTIFIER = ru.yukhanov.CoctailApp;
				PRODUCT_NAME = "$(TARGET_NAME)";
				SWIFT_EMIT_LOC_STRINGS = YES;
				SWIFT_VERSION = 5.0;
				TARGETED_DEVICE_FAMILY = "1,2";
			};
			name = Debug;
		};
		006B5EA729DA71400019F9B8 /* Release */ = {
			isa = XCBuildConfiguration;
			buildSettings = {
				ASSETCATALOG_COMPILER_APPICON_NAME = AppIcon;
				ASSETCATALOG_COMPILER_GLOBAL_ACCENT_COLOR_NAME = AccentColor;
				CODE_SIGN_STYLE = Automatic;
				CURRENT_PROJECT_VERSION = 1;
				DEVELOPMENT_TEAM = N66WY3RBB9;
				GENERATE_INFOPLIST_FILE = YES;
				INFOPLIST_FILE = CoctailApp/Resources/Info.plist;
				INFOPLIST_KEY_UIApplicationSupportsIndirectInputEvents = YES;
				INFOPLIST_KEY_UILaunchStoryboardName = LaunchScreen;
				INFOPLIST_KEY_UIMainStoryboardFile = "";
				INFOPLIST_KEY_UISupportedInterfaceOrientations_iPad = "UIInterfaceOrientationPortrait UIInterfaceOrientationPortraitUpsideDown UIInterfaceOrientationLandscapeLeft UIInterfaceOrientationLandscapeRight";
				INFOPLIST_KEY_UISupportedInterfaceOrientations_iPhone = "UIInterfaceOrientationPortrait UIInterfaceOrientationLandscapeLeft UIInterfaceOrientationLandscapeRight";
				LD_RUNPATH_SEARCH_PATHS = (
					"$(inherited)",
					"@executable_path/Frameworks",
				);
				MARKETING_VERSION = 1.0;
				PRODUCT_BUNDLE_IDENTIFIER = ru.yukhanov.CoctailApp;
				PRODUCT_NAME = "$(TARGET_NAME)";
				SWIFT_EMIT_LOC_STRINGS = YES;
				SWIFT_VERSION = 5.0;
				TARGETED_DEVICE_FAMILY = "1,2";
			};
			name = Release;
		};
/* End XCBuildConfiguration section */

/* Begin XCConfigurationList section */
		006B5E8C29DA71400019F9B8 /* Build configuration list for PBXProject "CoctailApp" */ = {
			isa = XCConfigurationList;
			buildConfigurations = (
				006B5EA329DA71400019F9B8 /* Debug */,
				006B5EA429DA71400019F9B8 /* Release */,
			);
			defaultConfigurationIsVisible = 0;
			defaultConfigurationName = Release;
		};
		006B5EA529DA71400019F9B8 /* Build configuration list for PBXNativeTarget "CoctailApp" */ = {
			isa = XCConfigurationList;
			buildConfigurations = (
				006B5EA629DA71400019F9B8 /* Debug */,
				006B5EA729DA71400019F9B8 /* Release */,
			);
			defaultConfigurationIsVisible = 0;
			defaultConfigurationName = Release;
		};
/* End XCConfigurationList section */
	};
	rootObject = 006B5E8929DA71400019F9B8 /* Project object */;
}
